
Microsoft Visual Studio Solution File, Format Version 12.00
# Visual Studio Version 17
VisualStudioVersion = 17.0.31903.59
MinimumVisualStudioVersion = 10.0.40219.1
Project("{FAE04EC0-301F-11D3-BF4B-00C04F79EFBC}") = "ClothingShop.API", "ClothingShop.API\ClothingShop.API.csproj", "{0B171E80-4F6C-40BB-A6A6-56BC1C85E4FE}"
EndProject
Project("{FAE04EC0-301F-11D3-BF4B-00C04F79EFBC}") = "ClothingShop.Domain", "ClothingShop.Domain\ClothingShop.Domain.csproj", "{05F8DD59-5A60-4A39-B0E7-22BF3EF2E745}"
EndProject
Project("{FAE04EC0-301F-11D3-BF4B-00C04F79EFBC}") = "ClothingShop.Application", "ClothingShop.Application\ClothingShop.Application.csproj", "{5500B789-7297-4AC0-8FA7-EC056B98443C}"
EndProject
Project("{FAE04EC0-301F-11D3-BF4B-00C04F79EFBC}") = "ClothingShop.Infrastructure", "ClothingShop.Infrastructure\ClothingShop.Infrastructure.csproj", "{43CD7AA5-AE94-4656-BBC9-D79B801F4D6B}"
EndProject
Global
	GlobalSection(SolutionConfigurationPlatforms) = preSolution
		Debug|Any CPU = Debug|Any CPU
		Debug|x64 = Debug|x64
		Debug|x86 = Debug|x86
		Release|Any CPU = Release|Any CPU
		Release|x64 = Release|x64
		Release|x86 = Release|x86
	EndGlobalSection
	GlobalSection(ProjectConfigurationPlatforms) = postSolution
		{0B171E80-4F6C-40BB-A6A6-56BC1C85E4FE}.Debug|Any CPU.ActiveCfg = Debug|Any CPU
		{0B171E80-4F6C-40BB-A6A6-56BC1C85E4FE}.Debug|Any CPU.Build.0 = Debug|Any CPU
		{0B171E80-4F6C-40BB-A6A6-56BC1C85E4FE}.Debug|x64.ActiveCfg = Debug|Any CPU
		{0B171E80-4F6C-40BB-A6A6-56BC1C85E4FE}.Debug|x64.Build.0 = Debug|Any CPU
		{0B171E80-4F6C-40BB-A6A6-56BC1C85E4FE}.Debug|x86.ActiveCfg = Debug|Any CPU
		{0B171E80-4F6C-40BB-A6A6-56BC1C85E4FE}.Debug|x86.Build.0 = Debug|Any CPU
		{0B171E80-4F6C-40BB-A6A6-56BC1C85E4FE}.Release|Any CPU.ActiveCfg = Release|Any CPU
		{0B171E80-4F6C-40BB-A6A6-56BC1C85E4FE}.Release|Any CPU.Build.0 = Release|Any CPU
		{0B171E80-4F6C-40BB-A6A6-56BC1C85E4FE}.Release|x64.ActiveCfg = Release|Any CPU
		{0B171E80-4F6C-40BB-A6A6-56BC1C85E4FE}.Release|x64.Build.0 = Release|Any CPU
		{0B171E80-4F6C-40BB-A6A6-56BC1C85E4FE}.Release|x86.ActiveCfg = Release|Any CPU
		{0B171E80-4F6C-40BB-A6A6-56BC1C85E4FE}.Release|x86.Build.0 = Release|Any CPU
		{05F8DD59-5A60-4A39-B0E7-22BF3EF2E745}.Debug|Any CPU.ActiveCfg = Debug|Any CPU
		{05F8DD59-5A60-4A39-B0E7-22BF3EF2E745}.Debug|Any CPU.Build.0 = Debug|Any CPU
		{05F8DD59-5A60-4A39-B0E7-22BF3EF2E745}.Debug|x64.ActiveCfg = Debug|Any CPU
		{05F8DD59-5A60-4A39-B0E7-22BF3EF2E745}.Debug|x64.Build.0 = Debug|Any CPU
		{05F8DD59-5A60-4A39-B0E7-22BF3EF2E745}.Debug|x86.ActiveCfg = Debug|Any CPU
		{05F8DD59-5A60-4A39-B0E7-22BF3EF2E745}.Debug|x86.Build.0 = Debug|Any CPU
		{05F8DD59-5A60-4A39-B0E7-22BF3EF2E745}.Release|Any CPU.ActiveCfg = Release|Any CPU
		{05F8DD59-5A60-4A39-B0E7-22BF3EF2E745}.Release|Any CPU.Build.0 = Release|Any CPU
		{05F8DD59-5A60-4A39-B0E7-22BF3EF2E745}.Release|x64.ActiveCfg = Release|Any CPU
		{05F8DD59-5A60-4A39-B0E7-22BF3EF2E745}.Release|x64.Build.0 = Release|Any CPU
		{05F8DD59-5A60-4A39-B0E7-22BF3EF2E745}.Release|x86.ActiveCfg = Release|Any CPU
		{05F8DD59-5A60-4A39-B0E7-22BF3EF2E745}.Release|x86.Build.0 = Release|Any CPU
		{5500B789-7297-4AC0-8FA7-EC056B98443C}.Debug|Any CPU.ActiveCfg = Debug|Any CPU
		{5500B789-7297-4AC0-8FA7-EC056B98443C}.Debug|Any CPU.Build.0 = Debug|Any CPU
		{5500B789-7297-4AC0-8FA7-EC056B98443C}.Debug|x64.ActiveCfg = Debug|Any CPU
		{5500B789-7297-4AC0-8FA7-EC056B98443C}.Debug|x64.Build.0 = Debug|Any CPU
		{5500B789-7297-4AC0-8FA7-EC056B98443C}.Debug|x86.ActiveCfg = Debug|Any CPU
		{5500B789-7297-4AC0-8FA7-EC056B98443C}.Debug|x86.Build.0 = Debug|Any CPU
		{5500B789-7297-4AC0-8FA7-EC056B98443C}.Release|Any CPU.ActiveCfg = Release|Any CPU
		{5500B789-7297-4AC0-8FA7-EC056B98443C}.Release|Any CPU.Build.0 = Release|Any CPU
		{5500B789-7297-4AC0-8FA7-EC056B98443C}.Release|x64.ActiveCfg = Release|Any CPU
		{5500B789-7297-4AC0-8FA7-EC056B98443C}.Release|x64.Build.0 = Release|Any CPU
		{5500B789-7297-4AC0-8FA7-EC056B98443C}.Release|x86.ActiveCfg = Release|Any CPU
		{5500B789-7297-4AC0-8FA7-EC056B98443C}.Release|x86.Build.0 = Release|Any CPU
		{43CD7AA5-AE94-4656-BBC9-D79B801F4D6B}.Debug|Any CPU.ActiveCfg = Debug|Any CPU
		{43CD7AA5-AE94-4656-BBC9-D79B801F4D6B}.Debug|Any CPU.Build.0 = Debug|Any CPU
		{43CD7AA5-AE94-4656-BBC9-D79B801F4D6B}.Debug|x64.ActiveCfg = Debug|Any CPU
		{43CD7AA5-AE94-4656-BBC9-D79B801F4D6B}.Debug|x64.Build.0 = Debug|Any CPU
		{43CD7AA5-AE94-4656-BBC9-D79B801F4D6B}.Debug|x86.ActiveCfg = Debug|Any CPU
		{43CD7AA5-AE94-4656-BBC9-D79B801F4D6B}.Debug|x86.Build.0 = Debug|Any CPU
		{43CD7AA5-AE94-4656-BBC9-D79B801F4D6B}.Release|Any CPU.ActiveCfg = Release|Any CPU
		{43CD7AA5-AE94-4656-BBC9-D79B801F4D6B}.Release|Any CPU.Build.0 = Release|Any CPU
		{43CD7AA5-AE94-4656-BBC9-D79B801F4D6B}.Release|x64.ActiveCfg = Release|Any CPU
		{43CD7AA5-AE94-4656-BBC9-D79B801F4D6B}.Release|x64.Build.0 = Release|Any CPU
		{43CD7AA5-AE94-4656-BBC9-D79B801F4D6B}.Release|x86.ActiveCfg = Release|Any CPU
		{43CD7AA5-AE94-4656-BBC9-D79B801F4D6B}.Release|x86.Build.0 = Release|Any CPU
	EndGlobalSection
	GlobalSection(SolutionProperties) = preSolution
		HideSolutionNode = FALSE
	EndGlobalSection
EndGlobal
